{
  "nodes": {
    "crane": {
      "inputs": {
        "nixpkgs": "nixpkgs"
      },
      "locked": {
        "lastModified": 1717383740,
        "narHash": "sha256-559HbY4uhNeoYvK3H6AMZAtVfmR3y8plXZ1x6ON/cWU=",
        "owner": "ipetkov",
        "repo": "crane",
        "rev": "b65673fce97d277934488a451724be94cc62499a",
        "type": "github"
      },
      "original": {
        "owner": "ipetkov",
        "ref": "v0.17.3",
        "repo": "crane",
        "type": "github"
      }
    },
    "flake-compat": {
      "locked": {
        "lastModified": 1733328505,
        "narHash": "sha256-NeCCThCEP3eCl2l/+27kNNK7QrwZB1IJCrXfrbv5oqU=",
        "owner": "edolstra",
        "repo": "flake-compat",
        "rev": "ff81ac966bb2cae68946d5ed5fc4994f96d0ffec",
        "type": "github"
      },
      "original": {
        "owner": "edolstra",
        "repo": "flake-compat",
        "type": "github"
      }
    },
    "nixpkgs": {
      "locked": {
        "lastModified": 1714656196,
        "narHash": "sha256-kjQkA98lMcsom6Gbhw8SYzmwrSo+2nruiTcTZp5jK7o=",
        "owner": "NixOS",
        "repo": "nixpkgs",
        "rev": "94035b482d181af0a0f8f77823a790b256b7c3cc",
        "type": "github"
      },
      "original": {
        "owner": "NixOS",
        "ref": "nixpkgs-unstable",
        "repo": "nixpkgs",
        "type": "github"
      }
    },
    "nixpkgs-stable": {
      "locked": {
        "lastModified": 1742388435,
        "narHash": "sha256-GheQGRNYAhHsvPxWVOhAmg9lZKkis22UPbEHlmZMthg=",
        "owner": "NixOS",
        "repo": "nixpkgs",
        "rev": "b75693fb46bfaf09e662d09ec076c5a162efa9f6",
        "type": "github"
      },
      "original": {
        "id": "nixpkgs",
        "ref": "nixos-24.11",
        "type": "indirect"
      }
    },
    "nixpkgs-unstable": {
      "locked": {
        "lastModified": 1742422364,
        "narHash": "sha256-mNqIplmEohk5jRkqYqG19GA8MbQ/D4gQSK0Mu4LvfRQ=",
        "owner": "NixOS",
        "repo": "nixpkgs",
        "rev": "a84ebe20c6bc2ecbcfb000a50776219f48d134cc",
        "type": "github"
      },
      "original": {
        "id": "nixpkgs",
        "ref": "nixos-unstable",
        "type": "indirect"
      }
    },
    "root": {
      "inputs": {
        "crane": "crane",
        "flake-compat": "flake-compat",
        "nixpkgs-stable": "nixpkgs-stable",
        "nixpkgs-unstable": "nixpkgs-unstable",
        "utils": "utils"
      }
    },
    "systems": {
      "locked": {
        "lastModified": 1681028828,
        "narHash": "sha256-Vy1rq5AaRuLzOxct8nz4T6wlgyUR7zLU309k9mBC768=",
        "owner": "nix-systems",
        "repo": "default",
        "rev": "da67096a3b9bf56a91d16901293e51ba5b49a27e",
        "type": "github"
      },
      "original": {
        "owner": "nix-systems",
        "repo": "default",
        "type": "github"
      }
    },
    "utils": {
      "inputs": {
        "systems": "systems"
      },
      "locked": {
        "lastModified": 1731533236,
        "narHash": "sha256-l0KFg5HjrsfsO/JpG+r7fRrqm12kzFHyUHqHCVpMMbI=",
        "owner": "numtide",
        "repo": "flake-utils",
        "rev": "11707dc2f618dd54ca8739b309ec4fc024de578b",
        "type": "github"
      },
      "original": {
        "owner": "numtide",
        "repo": "flake-utils",
        "type": "github"
      }
    }
  },
  "root": "root",
  "version": 7
}
